// !$*UTF8*$!
{
	archiveVersion = 1;
	classes = {
	};
	objectVersion = 56;
	objects = {

/* Begin PBXBuildFile section */
		4032B3FADD9709A93F5F0247 /* Pods_Bumble.framework in Frameworks */ = {isa = PBXBuildFile; fileRef = FF2C73F4B1F534CB803BBF9C /* Pods_Bumble.framework */; };
		781381D02AE3C08100FDB6F0 /* ListMessageVC.xib in Resources */ = {isa = PBXBuildFile; fileRef = 781381CF2AE3C08100FDB6F0 /* ListMessageVC.xib */; };
		782C9BD02B00B4DC007E3658 /* FirebaseManager.swift in Sources */ = {isa = PBXBuildFile; fileRef = 782C9BCF2B00B4DC007E3658 /* FirebaseManager.swift */; };
		782C9BD32B01FC16007E3658 /* LoadingView.swift in Sources */ = {isa = PBXBuildFile; fileRef = 782C9BD22B01FC16007E3658 /* LoadingView.swift */; };
		782C9BD62B0220BC007E3658 /* InforCell.swift in Sources */ = {isa = PBXBuildFile; fileRef = 782C9BD42B0220BC007E3658 /* InforCell.swift */; };
		782C9BD72B0220BC007E3658 /* InforCell.xib in Resources */ = {isa = PBXBuildFile; fileRef = 782C9BD52B0220BC007E3658 /* InforCell.xib */; };
		786425732AE0C821003AD08F /* ProfileModel.swift in Sources */ = {isa = PBXBuildFile; fileRef = 786425722AE0C821003AD08F /* ProfileModel.swift */; };
		787D496E2A5BFDE900303FAA /* BaseLoadCustomView.swift in Sources */ = {isa = PBXBuildFile; fileRef = 787D496D2A5BFDE900303FAA /* BaseLoadCustomView.swift */; };
		787D49712A5BFEAE00303FAA /* ProfileView.swift in Sources */ = {isa = PBXBuildFile; fileRef = 787D496F2A5BFEAE00303FAA /* ProfileView.swift */; };
		787D49722A5BFEAE00303FAA /* ProfileView.xib in Resources */ = {isa = PBXBuildFile; fileRef = 787D49702A5BFEAE00303FAA /* ProfileView.xib */; };
		787D49742A5C03AD00303FAA /* UIViewEx.swift in Sources */ = {isa = PBXBuildFile; fileRef = 787D49732A5C03AD00303FAA /* UIViewEx.swift */; };
		787FB53F2A67DA1000491254 /* BaseViewController.swift in Sources */ = {isa = PBXBuildFile; fileRef = 787FB53E2A67DA1000491254 /* BaseViewController.swift */; };
		789670092AE0DAA000B0508F /* ChatViewController.swift in Sources */ = {isa = PBXBuildFile; fileRef = 789670072AE0DAA000B0508F /* ChatViewController.swift */; };
		7896700A2AE0DAA000B0508F /* ChatViewController.xib in Resources */ = {isa = PBXBuildFile; fileRef = 789670082AE0DAA000B0508F /* ChatViewController.xib */; };
		7896700C2AE0DB9E00B0508F /* Chat.swift in Sources */ = {isa = PBXBuildFile; fileRef = 7896700B2AE0DB9E00B0508F /* Chat.swift */; };
		7896700E2AE0DBA900B0508F /* ChatUser.swift in Sources */ = {isa = PBXBuildFile; fileRef = 7896700D2AE0DBA900B0508F /* ChatUser.swift */; };
		789670102AE0DBBE00B0508F /* Message.swift in Sources */ = {isa = PBXBuildFile; fileRef = 7896700F2AE0DBBE00B0508F /* Message.swift */; };
		78AB0C7A2AFC8A5300C61EBA /* FilterVC.swift in Sources */ = {isa = PBXBuildFile; fileRef = 78AB0C782AFC8A5300C61EBA /* FilterVC.swift */; };
		78AB0C7B2AFC8A5300C61EBA /* FilterVC.xib in Resources */ = {isa = PBXBuildFile; fileRef = 78AB0C792AFC8A5300C61EBA /* FilterVC.xib */; };
		78AB0CC72AFC8BF500C61EBA /* SVN-Gilroy Bold.otf in Resources */ = {isa = PBXBuildFile; fileRef = 78AB0CBD2AFC8BF400C61EBA /* SVN-Gilroy Bold.otf */; };
		78AB0CC82AFC8BF500C61EBA /* SVN-Gilroy Bold Italic.otf in Resources */ = {isa = PBXBuildFile; fileRef = 78AB0CBE2AFC8BF400C61EBA /* SVN-Gilroy Bold Italic.otf */; };
		78AB0CC92AFC8BF500C61EBA /* SVN-Gilroy Medium.otf in Resources */ = {isa = PBXBuildFile; fileRef = 78AB0CBF2AFC8BF400C61EBA /* SVN-Gilroy Medium.otf */; };
		78AB0CCA2AFC8BF500C61EBA /* Inconsolata.ttf in Resources */ = {isa = PBXBuildFile; fileRef = 78AB0CC02AFC8BF400C61EBA /* Inconsolata.ttf */; };
		78AB0CCB2AFC8BF500C61EBA /* ShareTechMono-Regular.ttf in Resources */ = {isa = PBXBuildFile; fileRef = 78AB0CC12AFC8BF400C61EBA /* ShareTechMono-Regular.ttf */; };
		78AB0CCC2AFC8BF500C61EBA /* SVN-Gilroy SemiBold Italic.otf in Resources */ = {isa = PBXBuildFile; fileRef = 78AB0CC22AFC8BF400C61EBA /* SVN-Gilroy SemiBold Italic.otf */; };
		78AB0CCD2AFC8BF500C61EBA /* SVN-Gilroy Medium Italic.otf in Resources */ = {isa = PBXBuildFile; fileRef = 78AB0CC32AFC8BF400C61EBA /* SVN-Gilroy Medium Italic.otf */; };
		78AB0CCE2AFC8BF500C61EBA /* SVN-Gilroy Light.otf in Resources */ = {isa = PBXBuildFile; fileRef = 78AB0CC42AFC8BF400C61EBA /* SVN-Gilroy Light.otf */; };
		78AB0CCF2AFC8BF500C61EBA /* SVN-Gilroy SemiBold.otf in Resources */ = {isa = PBXBuildFile; fileRef = 78AB0CC52AFC8BF400C61EBA /* SVN-Gilroy SemiBold.otf */; };
		78AB0CD02AFC8BF500C61EBA /* SVN-Gilroy Regular.otf in Resources */ = {isa = PBXBuildFile; fileRef = 78AB0CC62AFC8BF400C61EBA /* SVN-Gilroy Regular.otf */; };
		78AB0CD42AFCB79800C61EBA /* InterestedVC.swift in Sources */ = {isa = PBXBuildFile; fileRef = 78AB0CD22AFCB79800C61EBA /* InterestedVC.swift */; };
		78AB0CD52AFCB79800C61EBA /* InterestedVC.xib in Resources */ = {isa = PBXBuildFile; fileRef = 78AB0CD32AFCB79800C61EBA /* InterestedVC.xib */; };
		78AB0CD92AFCBEB200C61EBA /* InterestedCollectionViewCell.swift in Sources */ = {isa = PBXBuildFile; fileRef = 78AB0CD72AFCBEB200C61EBA /* InterestedCollectionViewCell.swift */; };
		78AB0CDA2AFCBEB200C61EBA /* InterestedCollectionViewCell.xib in Resources */ = {isa = PBXBuildFile; fileRef = 78AB0CD82AFCBEB200C61EBA /* InterestedCollectionViewCell.xib */; };
		78B31E682AE3BBAE0074FEBE /* ListMessageVC.swift in Sources */ = {isa = PBXBuildFile; fileRef = 78B31E662AE3BBAE0074FEBE /* ListMessageVC.swift */; };
		78B31E712AE3BEB50074FEBE /* MatchQueueCollectionViewCell.swift in Sources */ = {isa = PBXBuildFile; fileRef = 78B31E6F2AE3BEB50074FEBE /* MatchQueueCollectionViewCell.swift */; };
		78B31E722AE3BEB50074FEBE /* MatchQueueCollectionViewCell.xib in Resources */ = {isa = PBXBuildFile; fileRef = 78B31E702AE3BEB50074FEBE /* MatchQueueCollectionViewCell.xib */; };
		78B9C5542B0365E7005E2844 /* Session.swift in Sources */ = {isa = PBXBuildFile; fileRef = 78B9C5532B0365E7005E2844 /* Session.swift */; };
		78C11FDA2AFB3B180013BE05 /* MatchedVC.swift in Sources */ = {isa = PBXBuildFile; fileRef = 78C11FD82AFB3B180013BE05 /* MatchedVC.swift */; };
		78C11FDB2AFB3B180013BE05 /* MatchedVC.xib in Resources */ = {isa = PBXBuildFile; fileRef = 78C11FD92AFB3B180013BE05 /* MatchedVC.xib */; };
		78D056EA2A4D3A0D00F4C7B4 /* AppDelegate.swift in Sources */ = {isa = PBXBuildFile; fileRef = 78D056E92A4D3A0D00F4C7B4 /* AppDelegate.swift */; };
		78D056EC2A4D3A0D00F4C7B4 /* SceneDelegate.swift in Sources */ = {isa = PBXBuildFile; fileRef = 78D056EB2A4D3A0D00F4C7B4 /* SceneDelegate.swift */; };
		78D056F32A4D3A0E00F4C7B4 /* Assets.xcassets in Resources */ = {isa = PBXBuildFile; fileRef = 78D056F22A4D3A0E00F4C7B4 /* Assets.xcassets */; };
		78D057012A4D3A0E00F4C7B4 /* BumbleTests.swift in Sources */ = {isa = PBXBuildFile; fileRef = 78D057002A4D3A0E00F4C7B4 /* BumbleTests.swift */; };
		78D0570B2A4D3A0E00F4C7B4 /* BumbleUITests.swift in Sources */ = {isa = PBXBuildFile; fileRef = 78D0570A2A4D3A0E00F4C7B4 /* BumbleUITests.swift */; };
		78D0570D2A4D3A0E00F4C7B4 /* BumbleUITestsLaunchTests.swift in Sources */ = {isa = PBXBuildFile; fileRef = 78D0570C2A4D3A0E00F4C7B4 /* BumbleUITestsLaunchTests.swift */; };
		78D0571B2A4D3AFF00F4C7B4 /* LoginVC.swift in Sources */ = {isa = PBXBuildFile; fileRef = 78D057192A4D3AFF00F4C7B4 /* LoginVC.swift */; };
		78D0571C2A4D3AFF00F4C7B4 /* LoginVC.xib in Resources */ = {isa = PBXBuildFile; fileRef = 78D0571A2A4D3AFF00F4C7B4 /* LoginVC.xib */; };
		78F29AA82A566E03009D977E /* GoogleService-Info.plist in Resources */ = {isa = PBXBuildFile; fileRef = 78F29AA72A566E03009D977E /* GoogleService-Info.plist */; };
		78F29AAC2A56726C009D977E /* CreateNewAccVC.swift in Sources */ = {isa = PBXBuildFile; fileRef = 78F29AAA2A56726C009D977E /* CreateNewAccVC.swift */; };
		78F29AAD2A56726C009D977E /* CreateNewAccVC.xib in Resources */ = {isa = PBXBuildFile; fileRef = 78F29AAB2A56726C009D977E /* CreateNewAccVC.xib */; };
		78F29AB12A5677AF009D977E /* Contants.swift in Sources */ = {isa = PBXBuildFile; fileRef = 78F29AB02A5677AF009D977E /* Contants.swift */; };
		78F29AB42A567861009D977E /* UIColorEx.swift in Sources */ = {isa = PBXBuildFile; fileRef = 78F29AB32A567861009D977E /* UIColorEx.swift */; };
		78F29AB62A567875009D977E /* StringEx.swift in Sources */ = {isa = PBXBuildFile; fileRef = 78F29AB52A567875009D977E /* StringEx.swift */; };
		78F29ABF2A56800F009D977E /* FindNewVC.swift in Sources */ = {isa = PBXBuildFile; fileRef = 78F29ABD2A56800F009D977E /* FindNewVC.swift */; };
		78F29AC02A56800F009D977E /* FindNewVC.xib in Resources */ = {isa = PBXBuildFile; fileRef = 78F29ABE2A56800F009D977E /* FindNewVC.xib */; };
/* End PBXBuildFile section */

/* Begin PBXContainerItemProxy section */
		78D056FD2A4D3A0E00F4C7B4 /* PBXContainerItemProxy */ = {
			isa = PBXContainerItemProxy;
			containerPortal = 78D056DE2A4D3A0D00F4C7B4 /* Project object */;
			proxyType = 1;
			remoteGlobalIDString = 78D056E52A4D3A0D00F4C7B4;
			remoteInfo = Bumble;
		};
		78D057072A4D3A0E00F4C7B4 /* PBXContainerItemProxy */ = {
			isa = PBXContainerItemProxy;
			containerPortal = 78D056DE2A4D3A0D00F4C7B4 /* Project object */;
			proxyType = 1;
			remoteGlobalIDString = 78D056E52A4D3A0D00F4C7B4;
			remoteInfo = Bumble;
		};
/* End PBXContainerItemProxy section */

/* Begin PBXFileReference section */
		781381CF2AE3C08100FDB6F0 /* ListMessageVC.xib */ = {isa = PBXFileReference; fileEncoding = 4; lastKnownFileType = file.xib; path = ListMessageVC.xib; sourceTree = "<group>"; };
		782C9BCF2B00B4DC007E3658 /* FirebaseManager.swift */ = {isa = PBXFileReference; lastKnownFileType = sourcecode.swift; path = FirebaseManager.swift; sourceTree = "<group>"; };
		782C9BD22B01FC16007E3658 /* LoadingView.swift */ = {isa = PBXFileReference; lastKnownFileType = sourcecode.swift; path = LoadingView.swift; sourceTree = "<group>"; };
		782C9BD42B0220BC007E3658 /* InforCell.swift */ = {isa = PBXFileReference; lastKnownFileType = sourcecode.swift; path = InforCell.swift; sourceTree = "<group>"; };
		782C9BD52B0220BC007E3658 /* InforCell.xib */ = {isa = PBXFileReference; lastKnownFileType = file.xib; path = InforCell.xib; sourceTree = "<group>"; };
		786425722AE0C821003AD08F /* ProfileModel.swift */ = {isa = PBXFileReference; lastKnownFileType = sourcecode.swift; path = ProfileModel.swift; sourceTree = "<group>"; };
		787D496D2A5BFDE900303FAA /* BaseLoadCustomView.swift */ = {isa = PBXFileReference; lastKnownFileType = sourcecode.swift; path = BaseLoadCustomView.swift; sourceTree = "<group>"; };
		787D496F2A5BFEAE00303FAA /* ProfileView.swift */ = {isa = PBXFileReference; lastKnownFileType = sourcecode.swift; path = ProfileView.swift; sourceTree = "<group>"; };
		787D49702A5BFEAE00303FAA /* ProfileView.xib */ = {isa = PBXFileReference; lastKnownFileType = file.xib; path = ProfileView.xib; sourceTree = "<group>"; };
		787D49732A5C03AD00303FAA /* UIViewEx.swift */ = {isa = PBXFileReference; lastKnownFileType = sourcecode.swift; path = UIViewEx.swift; sourceTree = "<group>"; };
		787FB53E2A67DA1000491254 /* BaseViewController.swift */ = {isa = PBXFileReference; lastKnownFileType = sourcecode.swift; path = BaseViewController.swift; sourceTree = "<group>"; };
		789670072AE0DAA000B0508F /* ChatViewController.swift */ = {isa = PBXFileReference; lastKnownFileType = sourcecode.swift; path = ChatViewController.swift; sourceTree = "<group>"; };
		789670082AE0DAA000B0508F /* ChatViewController.xib */ = {isa = PBXFileReference; lastKnownFileType = file.xib; path = ChatViewController.xib; sourceTree = "<group>"; };
		7896700B2AE0DB9E00B0508F /* Chat.swift */ = {isa = PBXFileReference; lastKnownFileType = sourcecode.swift; path = Chat.swift; sourceTree = "<group>"; };
		7896700D2AE0DBA900B0508F /* ChatUser.swift */ = {isa = PBXFileReference; lastKnownFileType = sourcecode.swift; path = ChatUser.swift; sourceTree = "<group>"; };
		7896700F2AE0DBBE00B0508F /* Message.swift */ = {isa = PBXFileReference; lastKnownFileType = sourcecode.swift; path = Message.swift; sourceTree = "<group>"; };
		78AB0C782AFC8A5300C61EBA /* FilterVC.swift */ = {isa = PBXFileReference; lastKnownFileType = sourcecode.swift; path = FilterVC.swift; sourceTree = "<group>"; };
		78AB0C792AFC8A5300C61EBA /* FilterVC.xib */ = {isa = PBXFileReference; lastKnownFileType = file.xib; path = FilterVC.xib; sourceTree = "<group>"; };
		78AB0CBD2AFC8BF400C61EBA /* SVN-Gilroy Bold.otf */ = {isa = PBXFileReference; lastKnownFileType = file; path = "SVN-Gilroy Bold.otf"; sourceTree = "<group>"; };
		78AB0CBE2AFC8BF400C61EBA /* SVN-Gilroy Bold Italic.otf */ = {isa = PBXFileReference; lastKnownFileType = file; path = "SVN-Gilroy Bold Italic.otf"; sourceTree = "<group>"; };
		78AB0CBF2AFC8BF400C61EBA /* SVN-Gilroy Medium.otf */ = {isa = PBXFileReference; lastKnownFileType = file; path = "SVN-Gilroy Medium.otf"; sourceTree = "<group>"; };
		78AB0CC02AFC8BF400C61EBA /* Inconsolata.ttf */ = {isa = PBXFileReference; lastKnownFileType = file; path = Inconsolata.ttf; sourceTree = "<group>"; };
		78AB0CC12AFC8BF400C61EBA /* ShareTechMono-Regular.ttf */ = {isa = PBXFileReference; lastKnownFileType = file; path = "ShareTechMono-Regular.ttf"; sourceTree = "<group>"; };
		78AB0CC22AFC8BF400C61EBA /* SVN-Gilroy SemiBold Italic.otf */ = {isa = PBXFileReference; lastKnownFileType = file; path = "SVN-Gilroy SemiBold Italic.otf"; sourceTree = "<group>"; };
		78AB0CC32AFC8BF400C61EBA /* SVN-Gilroy Medium Italic.otf */ = {isa = PBXFileReference; lastKnownFileType = file; path = "SVN-Gilroy Medium Italic.otf"; sourceTree = "<group>"; };
		78AB0CC42AFC8BF400C61EBA /* SVN-Gilroy Light.otf */ = {isa = PBXFileReference; lastKnownFileType = file; path = "SVN-Gilroy Light.otf"; sourceTree = "<group>"; };
		78AB0CC52AFC8BF400C61EBA /* SVN-Gilroy SemiBold.otf */ = {isa = PBXFileReference; lastKnownFileType = file; path = "SVN-Gilroy SemiBold.otf"; sourceTree = "<group>"; };
		78AB0CC62AFC8BF400C61EBA /* SVN-Gilroy Regular.otf */ = {isa = PBXFileReference; lastKnownFileType = file; path = "SVN-Gilroy Regular.otf"; sourceTree = "<group>"; };
		78AB0CD22AFCB79800C61EBA /* InterestedVC.swift */ = {isa = PBXFileReference; lastKnownFileType = sourcecode.swift; path = InterestedVC.swift; sourceTree = "<group>"; };
		78AB0CD32AFCB79800C61EBA /* InterestedVC.xib */ = {isa = PBXFileReference; lastKnownFileType = file.xib; path = InterestedVC.xib; sourceTree = "<group>"; };
		78AB0CD72AFCBEB200C61EBA /* InterestedCollectionViewCell.swift */ = {isa = PBXFileReference; lastKnownFileType = sourcecode.swift; path = InterestedCollectionViewCell.swift; sourceTree = "<group>"; };
		78AB0CD82AFCBEB200C61EBA /* InterestedCollectionViewCell.xib */ = {isa = PBXFileReference; lastKnownFileType = file.xib; path = InterestedCollectionViewCell.xib; sourceTree = "<group>"; };
		78B31E662AE3BBAE0074FEBE /* ListMessageVC.swift */ = {isa = PBXFileReference; lastKnownFileType = sourcecode.swift; path = ListMessageVC.swift; sourceTree = "<group>"; };
		78B31E6F2AE3BEB50074FEBE /* MatchQueueCollectionViewCell.swift */ = {isa = PBXFileReference; lastKnownFileType = sourcecode.swift; path = MatchQueueCollectionViewCell.swift; sourceTree = "<group>"; };
		78B31E702AE3BEB50074FEBE /* MatchQueueCollectionViewCell.xib */ = {isa = PBXFileReference; lastKnownFileType = file.xib; path = MatchQueueCollectionViewCell.xib; sourceTree = "<group>"; };
		78B9C5532B0365E7005E2844 /* Session.swift */ = {isa = PBXFileReference; lastKnownFileType = sourcecode.swift; path = Session.swift; sourceTree = "<group>"; };
		78C11FD82AFB3B180013BE05 /* MatchedVC.swift */ = {isa = PBXFileReference; lastKnownFileType = sourcecode.swift; path = MatchedVC.swift; sourceTree = "<group>"; };
		78C11FD92AFB3B180013BE05 /* MatchedVC.xib */ = {isa = PBXFileReference; lastKnownFileType = file.xib; path = MatchedVC.xib; sourceTree = "<group>"; };
		78D056E62A4D3A0D00F4C7B4 /* Bumble.app */ = {isa = PBXFileReference; explicitFileType = wrapper.application; includeInIndex = 0; path = Bumble.app; sourceTree = BUILT_PRODUCTS_DIR; };
		78D056E92A4D3A0D00F4C7B4 /* AppDelegate.swift */ = {isa = PBXFileReference; lastKnownFileType = sourcecode.swift; path = AppDelegate.swift; sourceTree = "<group>"; };
		78D056EB2A4D3A0D00F4C7B4 /* SceneDelegate.swift */ = {isa = PBXFileReference; lastKnownFileType = sourcecode.swift; path = SceneDelegate.swift; sourceTree = "<group>"; };
		78D056F22A4D3A0E00F4C7B4 /* Assets.xcassets */ = {isa = PBXFileReference; lastKnownFileType = folder.assetcatalog; path = Assets.xcassets; sourceTree = "<group>"; };
		78D056F72A4D3A0E00F4C7B4 /* Info.plist */ = {isa = PBXFileReference; lastKnownFileType = text.plist.xml; path = Info.plist; sourceTree = "<group>"; };
		78D056FC2A4D3A0E00F4C7B4 /* BumbleTests.xctest */ = {isa = PBXFileReference; explicitFileType = wrapper.cfbundle; includeInIndex = 0; path = BumbleTests.xctest; sourceTree = BUILT_PRODUCTS_DIR; };
		78D057002A4D3A0E00F4C7B4 /* BumbleTests.swift */ = {isa = PBXFileReference; lastKnownFileType = sourcecode.swift; path = BumbleTests.swift; sourceTree = "<group>"; };
		78D057062A4D3A0E00F4C7B4 /* BumbleUITests.xctest */ = {isa = PBXFileReference; explicitFileType = wrapper.cfbundle; includeInIndex = 0; path = BumbleUITests.xctest; sourceTree = BUILT_PRODUCTS_DIR; };
		78D0570A2A4D3A0E00F4C7B4 /* BumbleUITests.swift */ = {isa = PBXFileReference; lastKnownFileType = sourcecode.swift; path = BumbleUITests.swift; sourceTree = "<group>"; };
		78D0570C2A4D3A0E00F4C7B4 /* BumbleUITestsLaunchTests.swift */ = {isa = PBXFileReference; lastKnownFileType = sourcecode.swift; path = BumbleUITestsLaunchTests.swift; sourceTree = "<group>"; };
		78D057192A4D3AFF00F4C7B4 /* LoginVC.swift */ = {isa = PBXFileReference; lastKnownFileType = sourcecode.swift; path = LoginVC.swift; sourceTree = "<group>"; };
		78D0571A2A4D3AFF00F4C7B4 /* LoginVC.xib */ = {isa = PBXFileReference; lastKnownFileType = file.xib; path = LoginVC.xib; sourceTree = "<group>"; };
		78F29AA72A566E03009D977E /* GoogleService-Info.plist */ = {isa = PBXFileReference; fileEncoding = 4; lastKnownFileType = text.plist.xml; path = "GoogleService-Info.plist"; sourceTree = "<group>"; };
		78F29AAA2A56726C009D977E /* CreateNewAccVC.swift */ = {isa = PBXFileReference; lastKnownFileType = sourcecode.swift; path = CreateNewAccVC.swift; sourceTree = "<group>"; };
		78F29AAB2A56726C009D977E /* CreateNewAccVC.xib */ = {isa = PBXFileReference; lastKnownFileType = file.xib; path = CreateNewAccVC.xib; sourceTree = "<group>"; };
		78F29AB02A5677AF009D977E /* Contants.swift */ = {isa = PBXFileReference; lastKnownFileType = sourcecode.swift; path = Contants.swift; sourceTree = "<group>"; };
		78F29AB32A567861009D977E /* UIColorEx.swift */ = {isa = PBXFileReference; lastKnownFileType = sourcecode.swift; path = UIColorEx.swift; sourceTree = "<group>"; };
		78F29AB52A567875009D977E /* StringEx.swift */ = {isa = PBXFileReference; lastKnownFileType = sourcecode.swift; path = StringEx.swift; sourceTree = "<group>"; };
		78F29ABD2A56800F009D977E /* FindNewVC.swift */ = {isa = PBXFileReference; lastKnownFileType = sourcecode.swift; path = FindNewVC.swift; sourceTree = "<group>"; };
		78F29ABE2A56800F009D977E /* FindNewVC.xib */ = {isa = PBXFileReference; lastKnownFileType = file.xib; path = FindNewVC.xib; sourceTree = "<group>"; };
		994707E9C593FF8FA4B1F652 /* Pods-Bumble.release.xcconfig */ = {isa = PBXFileReference; includeInIndex = 1; lastKnownFileType = text.xcconfig; name = "Pods-Bumble.release.xcconfig"; path = "Target Support Files/Pods-Bumble/Pods-Bumble.release.xcconfig"; sourceTree = "<group>"; };
		AAD973E9AB96004C0BF68AE9 /* Pods-Bumble.debug.xcconfig */ = {isa = PBXFileReference; includeInIndex = 1; lastKnownFileType = text.xcconfig; name = "Pods-Bumble.debug.xcconfig"; path = "Target Support Files/Pods-Bumble/Pods-Bumble.debug.xcconfig"; sourceTree = "<group>"; };
		FF2C73F4B1F534CB803BBF9C /* Pods_Bumble.framework */ = {isa = PBXFileReference; explicitFileType = wrapper.framework; includeInIndex = 0; path = Pods_Bumble.framework; sourceTree = BUILT_PRODUCTS_DIR; };
/* End PBXFileReference section */

/* Begin PBXFrameworksBuildPhase section */
		78D056E32A4D3A0D00F4C7B4 /* Frameworks */ = {
			isa = PBXFrameworksBuildPhase;
			buildActionMask = 2147483647;
			files = (
				4032B3FADD9709A93F5F0247 /* Pods_Bumble.framework in Frameworks */,
			);
			runOnlyForDeploymentPostprocessing = 0;
		};
		78D056F92A4D3A0E00F4C7B4 /* Frameworks */ = {
			isa = PBXFrameworksBuildPhase;
			buildActionMask = 2147483647;
			files = (
			);
			runOnlyForDeploymentPostprocessing = 0;
		};
		78D057032A4D3A0E00F4C7B4 /* Frameworks */ = {
			isa = PBXFrameworksBuildPhase;
			buildActionMask = 2147483647;
			files = (
			);
			runOnlyForDeploymentPostprocessing = 0;
		};
/* End PBXFrameworksBuildPhase section */

/* Begin PBXGroup section */
		782C9BCE2B00B4D1007E3658 /* Firebase */ = {
			isa = PBXGroup;
			children = (
				782C9BCF2B00B4DC007E3658 /* FirebaseManager.swift */,
			);
			path = Firebase;
			sourceTree = "<group>";
		};
		782C9BD12B01FC0A007E3658 /* Common */ = {
			isa = PBXGroup;
			children = (
				782C9BD22B01FC16007E3658 /* LoadingView.swift */,
			);
			path = Common;
			sourceTree = "<group>";
		};
		786425712AE0C815003AD08F /* Model */ = {
			isa = PBXGroup;
			children = (
				786425722AE0C821003AD08F /* ProfileModel.swift */,
			);
			path = Model;
			sourceTree = "<group>";
		};
		7878A9D62AC4786B009AB3AA /* Chat */ = {
			isa = PBXGroup;
			children = (
				78B31E6C2AE3BBC30074FEBE /* Model */,
				789670072AE0DAA000B0508F /* ChatViewController.swift */,
				789670082AE0DAA000B0508F /* ChatViewController.xib */,
			);
			path = Chat;
			sourceTree = "<group>";
		};
		787D49652A5BFD2500303FAA /* CustomView */ = {
			isa = PBXGroup;
			children = (
				787D496F2A5BFEAE00303FAA /* ProfileView.swift */,
				787D49702A5BFEAE00303FAA /* ProfileView.xib */,
				782C9BD42B0220BC007E3658 /* InforCell.swift */,
				782C9BD52B0220BC007E3658 /* InforCell.xib */,
			);
			path = CustomView;
			sourceTree = "<group>";
		};
		787D496A2A5BFD7400303FAA /* Base */ = {
			isa = PBXGroup;
			children = (
				787D496D2A5BFDE900303FAA /* BaseLoadCustomView.swift */,
				787FB53E2A67DA1000491254 /* BaseViewController.swift */,
			);
			path = Base;
			sourceTree = "<group>";
		};
		78AB0C772AFC8A4400C61EBA /*  Filter */ = {
			isa = PBXGroup;
			children = (
				78AB0C782AFC8A5300C61EBA /* FilterVC.swift */,
				78AB0C792AFC8A5300C61EBA /* FilterVC.xib */,
			);
			path = " Filter";
			sourceTree = "<group>";
		};
		78AB0CBC2AFC8BF400C61EBA /* Font */ = {
			isa = PBXGroup;
			children = (
				78AB0CBD2AFC8BF400C61EBA /* SVN-Gilroy Bold.otf */,
				78AB0CBE2AFC8BF400C61EBA /* SVN-Gilroy Bold Italic.otf */,
				78AB0CBF2AFC8BF400C61EBA /* SVN-Gilroy Medium.otf */,
				78AB0CC02AFC8BF400C61EBA /* Inconsolata.ttf */,
				78AB0CC12AFC8BF400C61EBA /* ShareTechMono-Regular.ttf */,
				78AB0CC22AFC8BF400C61EBA /* SVN-Gilroy SemiBold Italic.otf */,
				78AB0CC32AFC8BF400C61EBA /* SVN-Gilroy Medium Italic.otf */,
				78AB0CC42AFC8BF400C61EBA /* SVN-Gilroy Light.otf */,
				78AB0CC52AFC8BF400C61EBA /* SVN-Gilroy SemiBold.otf */,
				78AB0CC62AFC8BF400C61EBA /* SVN-Gilroy Regular.otf */,
			);
			path = Font;
			sourceTree = "<group>";
		};
		78AB0CD12AFCB74000C61EBA /* Interested */ = {
			isa = PBXGroup;
			children = (
				78AB0CD62AFCBDC000C61EBA /* Cell */,
				78AB0CD22AFCB79800C61EBA /* InterestedVC.swift */,
				78AB0CD32AFCB79800C61EBA /* InterestedVC.xib */,
			);
			path = Interested;
			sourceTree = "<group>";
		};
		78AB0CD62AFCBDC000C61EBA /* Cell */ = {
			isa = PBXGroup;
			children = (
				78AB0CD72AFCBEB200C61EBA /* InterestedCollectionViewCell.swift */,
				78AB0CD82AFCBEB200C61EBA /* InterestedCollectionViewCell.xib */,
			);
			path = Cell;
			sourceTree = "<group>";
		};
		78B31E6C2AE3BBC30074FEBE /* Model */ = {
			isa = PBXGroup;
			children = (
				7896700B2AE0DB9E00B0508F /* Chat.swift */,
				7896700D2AE0DBA900B0508F /* ChatUser.swift */,
				7896700F2AE0DBBE00B0508F /* Message.swift */,
			);
			path = Model;
			sourceTree = "<group>";
		};
		78B31E6D2AE3BCCF0074FEBE /* Message */ = {
			isa = PBXGroup;
			children = (
				78B31E6E2AE3BE900074FEBE /* Cell */,
				781381CF2AE3C08100FDB6F0 /* ListMessageVC.xib */,
				78B31E662AE3BBAE0074FEBE /* ListMessageVC.swift */,
			);
			path = Message;
			sourceTree = "<group>";
		};
		78B31E6E2AE3BE900074FEBE /* Cell */ = {
			isa = PBXGroup;
			children = (
				78B31E6F2AE3BEB50074FEBE /* MatchQueueCollectionViewCell.swift */,
				78B31E702AE3BEB50074FEBE /* MatchQueueCollectionViewCell.xib */,
			);
			path = Cell;
			sourceTree = "<group>";
		};
		78B9C5522B0365D7005E2844 /* Domain */ = {
			isa = PBXGroup;
			children = (
				78B9C5532B0365E7005E2844 /* Session.swift */,
			);
			path = Domain;
			sourceTree = "<group>";
		};
		78C11FD72AFB3AFF0013BE05 /* MatchPopup */ = {
			isa = PBXGroup;
			children = (
				78C11FD82AFB3B180013BE05 /* MatchedVC.swift */,
				78C11FD92AFB3B180013BE05 /* MatchedVC.xib */,
			);
			path = MatchPopup;
			sourceTree = "<group>";
		};
		78D056DD2A4D3A0D00F4C7B4 = {
			isa = PBXGroup;
			children = (
				78D056E82A4D3A0D00F4C7B4 /* Bumble */,
				78D056FF2A4D3A0E00F4C7B4 /* BumbleTests */,
				78D057092A4D3A0E00F4C7B4 /* BumbleUITests */,
				78D056E72A4D3A0D00F4C7B4 /* Products */,
				B3BCC4B5417C391C16598E4E /* Pods */,
				D8DD3E1573DFAAA93FEE5948 /* Frameworks */,
			);
			sourceTree = "<group>";
		};
		78D056E72A4D3A0D00F4C7B4 /* Products */ = {
			isa = PBXGroup;
			children = (
				78D056E62A4D3A0D00F4C7B4 /* Bumble.app */,
				78D056FC2A4D3A0E00F4C7B4 /* BumbleTests.xctest */,
				78D057062A4D3A0E00F4C7B4 /* BumbleUITests.xctest */,
			);
			name = Products;
			sourceTree = "<group>";
		};
		78D056E82A4D3A0D00F4C7B4 /* Bumble */ = {
			isa = PBXGroup;
			children = (
				78B9C5522B0365D7005E2844 /* Domain */,
				782C9BD12B01FC0A007E3658 /* Common */,
				782C9BCE2B00B4D1007E3658 /* Firebase */,
				78AB0CBC2AFC8BF400C61EBA /* Font */,
				78F29AB22A56782E009D977E /* Extension */,
				78F29AAF2A5677A2009D977E /* Contants */,
				78F29AAE2A567798009D977E /* Scenes */,
				78F29AA72A566E03009D977E /* GoogleService-Info.plist */,
				78D056E92A4D3A0D00F4C7B4 /* AppDelegate.swift */,
				78D056EB2A4D3A0D00F4C7B4 /* SceneDelegate.swift */,
				78D056F22A4D3A0E00F4C7B4 /* Assets.xcassets */,
				78D056F72A4D3A0E00F4C7B4 /* Info.plist */,
			);
			path = Bumble;
			sourceTree = "<group>";
		};
		78D056FF2A4D3A0E00F4C7B4 /* BumbleTests */ = {
			isa = PBXGroup;
			children = (
				78D057002A4D3A0E00F4C7B4 /* BumbleTests.swift */,
			);
			path = BumbleTests;
			sourceTree = "<group>";
		};
		78D057092A4D3A0E00F4C7B4 /* BumbleUITests */ = {
			isa = PBXGroup;
			children = (
				78D0570A2A4D3A0E00F4C7B4 /* BumbleUITests.swift */,
				78D0570C2A4D3A0E00F4C7B4 /* BumbleUITestsLaunchTests.swift */,
			);
			path = BumbleUITests;
			sourceTree = "<group>";
		};
		78F29AA92A567257009D977E /* Login */ = {
			isa = PBXGroup;
			children = (
				78D057192A4D3AFF00F4C7B4 /* LoginVC.swift */,
				78D0571A2A4D3AFF00F4C7B4 /* LoginVC.xib */,
				78F29AAA2A56726C009D977E /* CreateNewAccVC.swift */,
				78F29AAB2A56726C009D977E /* CreateNewAccVC.xib */,
			);
			path = Login;
			sourceTree = "<group>";
		};
		78F29AAE2A567798009D977E /* Scenes */ = {
			isa = PBXGroup;
			children = (
				787D49652A5BFD2500303FAA /* CustomView */,
				78AB0CD12AFCB74000C61EBA /* Interested */,
				78AB0C772AFC8A4400C61EBA /*  Filter */,
				787D496A2A5BFD7400303FAA /* Base */,
				78B31E6D2AE3BCCF0074FEBE /* Message */,
				7878A9D62AC4786B009AB3AA /* Chat */,
				78F29AB72A567D08009D977E /* FindNewBoobies */,
				78F29AA92A567257009D977E /* Login */,
			);
			path = Scenes;
			sourceTree = "<group>";
		};
		78F29AAF2A5677A2009D977E /* Contants */ = {
			isa = PBXGroup;
			children = (
				78F29AB02A5677AF009D977E /* Contants.swift */,
			);
			path = Contants;
			sourceTree = "<group>";
		};
		78F29AB22A56782E009D977E /* Extension */ = {
			isa = PBXGroup;
			children = (
				78F29AB32A567861009D977E /* UIColorEx.swift */,
				78F29AB52A567875009D977E /* StringEx.swift */,
				787D49732A5C03AD00303FAA /* UIViewEx.swift */,
			);
			path = Extension;
			sourceTree = "<group>";
		};
		78F29AB72A567D08009D977E /* FindNewBoobies */ = {
			isa = PBXGroup;
			children = (
				78C11FD72AFB3AFF0013BE05 /* MatchPopup */,
				786425712AE0C815003AD08F /* Model */,
				78F29ABD2A56800F009D977E /* FindNewVC.swift */,
				78F29ABE2A56800F009D977E /* FindNewVC.xib */,
			);
			path = FindNewBoobies;
			sourceTree = "<group>";
		};
		B3BCC4B5417C391C16598E4E /* Pods */ = {
			isa = PBXGroup;
			children = (
				AAD973E9AB96004C0BF68AE9 /* Pods-Bumble.debug.xcconfig */,
				994707E9C593FF8FA4B1F652 /* Pods-Bumble.release.xcconfig */,
			);
			path = Pods;
			sourceTree = "<group>";
		};
		D8DD3E1573DFAAA93FEE5948 /* Frameworks */ = {
			isa = PBXGroup;
			children = (
				FF2C73F4B1F534CB803BBF9C /* Pods_Bumble.framework */,
			);
			name = Frameworks;
			sourceTree = "<group>";
		};
/* End PBXGroup section */

/* Begin PBXNativeTarget section */
		78D056E52A4D3A0D00F4C7B4 /* Bumble */ = {
			isa = PBXNativeTarget;
			buildConfigurationList = 78D057102A4D3A0E00F4C7B4 /* Build configuration list for PBXNativeTarget "Bumble" */;
			buildPhases = (
				CEE430529EA5E929AD18C2F0 /* [CP] Check Pods Manifest.lock */,
				78D056E22A4D3A0D00F4C7B4 /* Sources */,
				78D056E32A4D3A0D00F4C7B4 /* Frameworks */,
				78D056E42A4D3A0D00F4C7B4 /* Resources */,
				22FAC3BECE009F4B069FF455 /* [CP] Embed Pods Frameworks */,
			);
			buildRules = (
			);
			dependencies = (
			);
			name = Bumble;
			productName = Bumble;
			productReference = 78D056E62A4D3A0D00F4C7B4 /* Bumble.app */;
			productType = "com.apple.product-type.application";
		};
		78D056FB2A4D3A0E00F4C7B4 /* BumbleTests */ = {
			isa = PBXNativeTarget;
			buildConfigurationList = 78D057132A4D3A0E00F4C7B4 /* Build configuration list for PBXNativeTarget "BumbleTests" */;
			buildPhases = (
				78D056F82A4D3A0E00F4C7B4 /* Sources */,
				78D056F92A4D3A0E00F4C7B4 /* Frameworks */,
				78D056FA2A4D3A0E00F4C7B4 /* Resources */,
			);
			buildRules = (
			);
			dependencies = (
				78D056FE2A4D3A0E00F4C7B4 /* PBXTargetDependency */,
			);
			name = BumbleTests;
			productName = BumbleTests;
			productReference = 78D056FC2A4D3A0E00F4C7B4 /* BumbleTests.xctest */;
			productType = "com.apple.product-type.bundle.unit-test";
		};
		78D057052A4D3A0E00F4C7B4 /* BumbleUITests */ = {
			isa = PBXNativeTarget;
			buildConfigurationList = 78D057162A4D3A0E00F4C7B4 /* Build configuration list for PBXNativeTarget "BumbleUITests" */;
			buildPhases = (
				78D057022A4D3A0E00F4C7B4 /* Sources */,
				78D057032A4D3A0E00F4C7B4 /* Frameworks */,
				78D057042A4D3A0E00F4C7B4 /* Resources */,
			);
			buildRules = (
			);
			dependencies = (
				78D057082A4D3A0E00F4C7B4 /* PBXTargetDependency */,
			);
			name = BumbleUITests;
			productName = BumbleUITests;
			productReference = 78D057062A4D3A0E00F4C7B4 /* BumbleUITests.xctest */;
			productType = "com.apple.product-type.bundle.ui-testing";
		};
/* End PBXNativeTarget section */

/* Begin PBXProject section */
		78D056DE2A4D3A0D00F4C7B4 /* Project object */ = {
			isa = PBXProject;
			attributes = {
				BuildIndependentTargetsInParallel = 1;
				LastSwiftUpdateCheck = 1430;
				LastUpgradeCheck = 1430;
				TargetAttributes = {
					78D056E52A4D3A0D00F4C7B4 = {
						CreatedOnToolsVersion = 14.3.1;
						LastSwiftMigration = 1430;
					};
					78D056FB2A4D3A0E00F4C7B4 = {
						CreatedOnToolsVersion = 14.3.1;
						TestTargetID = 78D056E52A4D3A0D00F4C7B4;
					};
					78D057052A4D3A0E00F4C7B4 = {
						CreatedOnToolsVersion = 14.3.1;
						TestTargetID = 78D056E52A4D3A0D00F4C7B4;
					};
				};
			};
			buildConfigurationList = 78D056E12A4D3A0D00F4C7B4 /* Build configuration list for PBXProject "Bumble" */;
			compatibilityVersion = "Xcode 14.0";
			developmentRegion = en;
			hasScannedForEncodings = 0;
			knownRegions = (
				en,
				Base,
			);
			mainGroup = 78D056DD2A4D3A0D00F4C7B4;
			productRefGroup = 78D056E72A4D3A0D00F4C7B4 /* Products */;
			projectDirPath = "";
			projectRoot = "";
			targets = (
				78D056E52A4D3A0D00F4C7B4 /* Bumble */,
				78D056FB2A4D3A0E00F4C7B4 /* BumbleTests */,
				78D057052A4D3A0E00F4C7B4 /* BumbleUITests */,
			);
		};
/* End PBXProject section */

/* Begin PBXResourcesBuildPhase section */
		78D056E42A4D3A0D00F4C7B4 /* Resources */ = {
			isa = PBXResourcesBuildPhase;
			buildActionMask = 2147483647;
			files = (
				78AB0C7B2AFC8A5300C61EBA /* FilterVC.xib in Resources */,
				78AB0CCC2AFC8BF500C61EBA /* SVN-Gilroy SemiBold Italic.otf in Resources */,
				781381D02AE3C08100FDB6F0 /* ListMessageVC.xib in Resources */,
				78AB0CC82AFC8BF500C61EBA /* SVN-Gilroy Bold Italic.otf in Resources */,
				78C11FDB2AFB3B180013BE05 /* MatchedVC.xib in Resources */,
				78AB0CDA2AFCBEB200C61EBA /* InterestedCollectionViewCell.xib in Resources */,
				78AB0CD02AFC8BF500C61EBA /* SVN-Gilroy Regular.otf in Resources */,
				78AB0CCB2AFC8BF500C61EBA /* ShareTechMono-Regular.ttf in Resources */,
				78D056F32A4D3A0E00F4C7B4 /* Assets.xcassets in Resources */,
				78F29AAD2A56726C009D977E /* CreateNewAccVC.xib in Resources */,
				78AB0CD52AFCB79800C61EBA /* InterestedVC.xib in Resources */,
				7896700A2AE0DAA000B0508F /* ChatViewController.xib in Resources */,
				782C9BD72B0220BC007E3658 /* InforCell.xib in Resources */,
				78AB0CC92AFC8BF500C61EBA /* SVN-Gilroy Medium.otf in Resources */,
				78AB0CCA2AFC8BF500C61EBA /* Inconsolata.ttf in Resources */,
				787D49722A5BFEAE00303FAA /* ProfileView.xib in Resources */,
				78AB0CCD2AFC8BF500C61EBA /* SVN-Gilroy Medium Italic.otf in Resources */,
				78AB0CCE2AFC8BF500C61EBA /* SVN-Gilroy Light.otf in Resources */,
				78B31E722AE3BEB50074FEBE /* MatchQueueCollectionViewCell.xib in Resources */,
				78F29AC02A56800F009D977E /* FindNewVC.xib in Resources */,
				78AB0CC72AFC8BF500C61EBA /* SVN-Gilroy Bold.otf in Resources */,
				78D0571C2A4D3AFF00F4C7B4 /* LoginVC.xib in Resources */,
				78F29AA82A566E03009D977E /* GoogleService-Info.plist in Resources */,
				78AB0CCF2AFC8BF500C61EBA /* SVN-Gilroy SemiBold.otf in Resources */,
			);
			runOnlyForDeploymentPostprocessing = 0;
		};
		78D056FA2A4D3A0E00F4C7B4 /* Resources */ = {
			isa = PBXResourcesBuildPhase;
			buildActionMask = 2147483647;
			files = (
			);
			runOnlyForDeploymentPostprocessing = 0;
		};
		78D057042A4D3A0E00F4C7B4 /* Resources */ = {
			isa = PBXResourcesBuildPhase;
			buildActionMask = 2147483647;
			files = (
			);
			runOnlyForDeploymentPostprocessing = 0;
		};
/* End PBXResourcesBuildPhase section */

/* Begin PBXShellScriptBuildPhase section */
		22FAC3BECE009F4B069FF455 /* [CP] Embed Pods Frameworks */ = {
			isa = PBXShellScriptBuildPhase;
			buildActionMask = 2147483647;
			files = (
			);
			inputFileListPaths = (
				"${PODS_ROOT}/Target Support Files/Pods-Bumble/Pods-Bumble-frameworks-${CONFIGURATION}-input-files.xcfilelist",
			);
			name = "[CP] Embed Pods Frameworks";
			outputFileListPaths = (
				"${PODS_ROOT}/Target Support Files/Pods-Bumble/Pods-Bumble-frameworks-${CONFIGURATION}-output-files.xcfilelist",
			);
			runOnlyForDeploymentPostprocessing = 0;
			shellPath = /bin/sh;
			shellScript = "\"${PODS_ROOT}/Target Support Files/Pods-Bumble/Pods-Bumble-frameworks.sh\"\n";
			showEnvVarsInLog = 0;
		};
		CEE430529EA5E929AD18C2F0 /* [CP] Check Pods Manifest.lock */ = {
			isa = PBXShellScriptBuildPhase;
			buildActionMask = 2147483647;
			files = (
			);
			inputFileListPaths = (
			);
			inputPaths = (
				"${PODS_PODFILE_DIR_PATH}/Podfile.lock",
				"${PODS_ROOT}/Manifest.lock",
			);
			name = "[CP] Check Pods Manifest.lock";
			outputFileListPaths = (
			);
			outputPaths = (
				"$(DERIVED_FILE_DIR)/Pods-Bumble-checkManifestLockResult.txt",
			);
			runOnlyForDeploymentPostprocessing = 0;
			shellPath = /bin/sh;
			shellScript = "diff \"${PODS_PODFILE_DIR_PATH}/Podfile.lock\" \"${PODS_ROOT}/Manifest.lock\" > /dev/null\nif [ $? != 0 ] ; then\n    # print error to STDERR\n    echo \"error: The sandbox is not in sync with the Podfile.lock. Run 'pod install' or update your CocoaPods installation.\" >&2\n    exit 1\nfi\n# This output is used by Xcode 'outputs' to avoid re-running this script phase.\necho \"SUCCESS\" > \"${SCRIPT_OUTPUT_FILE_0}\"\n";
			showEnvVarsInLog = 0;
		};
/* End PBXShellScriptBuildPhase section */

/* Begin PBXSourcesBuildPhase section */
		78D056E22A4D3A0D00F4C7B4 /* Sources */ = {
			isa = PBXSourcesBuildPhase;
			buildActionMask = 2147483647;
			files = (
				78B31E682AE3BBAE0074FEBE /* ListMessageVC.swift in Sources */,
				786425732AE0C821003AD08F /* ProfileModel.swift in Sources */,
				787D49742A5C03AD00303FAA /* UIViewEx.swift in Sources */,
				78AB0CD42AFCB79800C61EBA /* InterestedVC.swift in Sources */,
				78B31E712AE3BEB50074FEBE /* MatchQueueCollectionViewCell.swift in Sources */,
				787D496E2A5BFDE900303FAA /* BaseLoadCustomView.swift in Sources */,
				789670102AE0DBBE00B0508F /* Message.swift in Sources */,
				78F29AB42A567861009D977E /* UIColorEx.swift in Sources */,
				787D49712A5BFEAE00303FAA /* ProfileView.swift in Sources */,
				78D0571B2A4D3AFF00F4C7B4 /* LoginVC.swift in Sources */,
				78AB0CD92AFCBEB200C61EBA /* InterestedCollectionViewCell.swift in Sources */,
				787FB53F2A67DA1000491254 /* BaseViewController.swift in Sources */,
				782C9BD02B00B4DC007E3658 /* FirebaseManager.swift in Sources */,
				78F29AAC2A56726C009D977E /* CreateNewAccVC.swift in Sources */,
				7896700E2AE0DBA900B0508F /* ChatUser.swift in Sources */,
				78F29AB62A567875009D977E /* StringEx.swift in Sources */,
				78F29AB12A5677AF009D977E /* Contants.swift in Sources */,
				78B9C5542B0365E7005E2844 /* Session.swift in Sources */,
				789670092AE0DAA000B0508F /* ChatViewController.swift in Sources */,
				782C9BD32B01FC16007E3658 /* LoadingView.swift in Sources */,
				78AB0C7A2AFC8A5300C61EBA /* FilterVC.swift in Sources */,
				78D056EA2A4D3A0D00F4C7B4 /* AppDelegate.swift in Sources */,
				78D056EC2A4D3A0D00F4C7B4 /* SceneDelegate.swift in Sources */,
				78C11FDA2AFB3B180013BE05 /* MatchedVC.swift in Sources */,
				7896700C2AE0DB9E00B0508F /* Chat.swift in Sources */,
				782C9BD62B0220BC007E3658 /* InforCell.swift in Sources */,
				78F29ABF2A56800F009D977E /* FindNewVC.swift in Sources */,
			);
			runOnlyForDeploymentPostprocessing = 0;
		};
		78D056F82A4D3A0E00F4C7B4 /* Sources */ = {
			isa = PBXSourcesBuildPhase;
			buildActionMask = 2147483647;
			files = (
				78D057012A4D3A0E00F4C7B4 /* BumbleTests.swift in Sources */,
			);
			runOnlyForDeploymentPostprocessing = 0;
		};
		78D057022A4D3A0E00F4C7B4 /* Sources */ = {
			isa = PBXSourcesBuildPhase;
			buildActionMask = 2147483647;
			files = (
				78D0570B2A4D3A0E00F4C7B4 /* BumbleUITests.swift in Sources */,
				78D0570D2A4D3A0E00F4C7B4 /* BumbleUITestsLaunchTests.swift in Sources */,
			);
			runOnlyForDeploymentPostprocessing = 0;
		};
/* End PBXSourcesBuildPhase section */

/* Begin PBXTargetDependency section */
		78D056FE2A4D3A0E00F4C7B4 /* PBXTargetDependency */ = {
			isa = PBXTargetDependency;
			target = 78D056E52A4D3A0D00F4C7B4 /* Bumble */;
			targetProxy = 78D056FD2A4D3A0E00F4C7B4 /* PBXContainerItemProxy */;
		};
		78D057082A4D3A0E00F4C7B4 /* PBXTargetDependency */ = {
			isa = PBXTargetDependency;
			target = 78D056E52A4D3A0D00F4C7B4 /* Bumble */;
			targetProxy = 78D057072A4D3A0E00F4C7B4 /* PBXContainerItemProxy */;
		};
/* End PBXTargetDependency section */

/* Begin XCBuildConfiguration section */
		78D0570E2A4D3A0E00F4C7B4 /* Debug */ = {
			isa = XCBuildConfiguration;
			buildSettings = {
				ALWAYS_SEARCH_USER_PATHS = NO;
				CLANG_ANALYZER_NONNULL = YES;
				CLANG_ANALYZER_NUMBER_OBJECT_CONVERSION = YES_AGGRESSIVE;
				CLANG_CXX_LANGUAGE_STANDARD = "gnu++20";
				CLANG_ENABLE_MODULES = YES;
				CLANG_ENABLE_OBJC_ARC = YES;
				CLANG_ENABLE_OBJC_WEAK = YES;
				CLANG_WARN_BLOCK_CAPTURE_AUTORELEASING = YES;
				CLANG_WARN_BOOL_CONVERSION = YES;
				CLANG_WARN_COMMA = YES;
				CLANG_WARN_CONSTANT_CONVERSION = YES;
				CLANG_WARN_DEPRECATED_OBJC_IMPLEMENTATIONS = YES;
				CLANG_WARN_DIRECT_OBJC_ISA_USAGE = YES_ERROR;
				CLANG_WARN_DOCUMENTATION_COMMENTS = YES;
				CLANG_WARN_EMPTY_BODY = YES;
				CLANG_WARN_ENUM_CONVERSION = YES;
				CLANG_WARN_INFINITE_RECURSION = YES;
				CLANG_WARN_INT_CONVERSION = YES;
				CLANG_WARN_NON_LITERAL_NULL_CONVERSION = YES;
				CLANG_WARN_OBJC_IMPLICIT_RETAIN_SELF = YES;
				CLANG_WARN_OBJC_LITERAL_CONVERSION = YES;
				CLANG_WARN_OBJC_ROOT_CLASS = YES_ERROR;
				CLANG_WARN_QUOTED_INCLUDE_IN_FRAMEWORK_HEADER = YES;
				CLANG_WARN_RANGE_LOOP_ANALYSIS = YES;
				CLANG_WARN_STRICT_PROTOTYPES = YES;
				CLANG_WARN_SUSPICIOUS_MOVE = YES;
				CLANG_WARN_UNGUARDED_AVAILABILITY = YES_AGGRESSIVE;
				CLANG_WARN_UNREACHABLE_CODE = YES;
				CLANG_WARN__DUPLICATE_METHOD_MATCH = YES;
				COPY_PHASE_STRIP = NO;
				DEBUG_INFORMATION_FORMAT = dwarf;
				ENABLE_STRICT_OBJC_MSGSEND = YES;
				ENABLE_TESTABILITY = YES;
				GCC_C_LANGUAGE_STANDARD = gnu11;
				GCC_DYNAMIC_NO_PIC = NO;
				GCC_NO_COMMON_BLOCKS = YES;
				GCC_OPTIMIZATION_LEVEL = 0;
				GCC_PREPROCESSOR_DEFINITIONS = (
					"DEBUG=1",
					"$(inherited)",
				);
				GCC_WARN_64_TO_32_BIT_CONVERSION = YES;
				GCC_WARN_ABOUT_RETURN_TYPE = YES_ERROR;
				GCC_WARN_UNDECLARED_SELECTOR = YES;
				GCC_WARN_UNINITIALIZED_AUTOS = YES_AGGRESSIVE;
				GCC_WARN_UNUSED_FUNCTION = YES;
				GCC_WARN_UNUSED_VARIABLE = YES;
				IPHONEOS_DEPLOYMENT_TARGET = 16.4;
				MTL_ENABLE_DEBUG_INFO = INCLUDE_SOURCE;
				MTL_FAST_MATH = YES;
				ONLY_ACTIVE_ARCH = YES;
				SDKROOT = iphoneos;
				SWIFT_ACTIVE_COMPILATION_CONDITIONS = DEBUG;
				SWIFT_OPTIMIZATION_LEVEL = "-Onone";
			};
			name = Debug;
		};
		78D0570F2A4D3A0E00F4C7B4 /* Release */ = {
			isa = XCBuildConfiguration;
			buildSettings = {
				ALWAYS_SEARCH_USER_PATHS = NO;
				CLANG_ANALYZER_NONNULL = YES;
				CLANG_ANALYZER_NUMBER_OBJECT_CONVERSION = YES_AGGRESSIVE;
				CLANG_CXX_LANGUAGE_STANDARD = "gnu++20";
				CLANG_ENABLE_MODULES = YES;
				CLANG_ENABLE_OBJC_ARC = YES;
				CLANG_ENABLE_OBJC_WEAK = YES;
				CLANG_WARN_BLOCK_CAPTURE_AUTORELEASING = YES;
				CLANG_WARN_BOOL_CONVERSION = YES;
				CLANG_WARN_COMMA = YES;
				CLANG_WARN_CONSTANT_CONVERSION = YES;
				CLANG_WARN_DEPRECATED_OBJC_IMPLEMENTATIONS = YES;
				CLANG_WARN_DIRECT_OBJC_ISA_USAGE = YES_ERROR;
				CLANG_WARN_DOCUMENTATION_COMMENTS = YES;
				CLANG_WARN_EMPTY_BODY = YES;
				CLANG_WARN_ENUM_CONVERSION = YES;
				CLANG_WARN_INFINITE_RECURSION = YES;
				CLANG_WARN_INT_CONVERSION = YES;
				CLANG_WARN_NON_LITERAL_NULL_CONVERSION = YES;
				CLANG_WARN_OBJC_IMPLICIT_RETAIN_SELF = YES;
				CLANG_WARN_OBJC_LITERAL_CONVERSION = YES;
				CLANG_WARN_OBJC_ROOT_CLASS = YES_ERROR;
				CLANG_WARN_QUOTED_INCLUDE_IN_FRAMEWORK_HEADER = YES;
				CLANG_WARN_RANGE_LOOP_ANALYSIS = YES;
				CLANG_WARN_STRICT_PROTOTYPES = YES;
				CLANG_WARN_SUSPICIOUS_MOVE = YES;
				CLANG_WARN_UNGUARDED_AVAILABILITY = YES_AGGRESSIVE;
				CLANG_WARN_UNREACHABLE_CODE = YES;
				CLANG_WARN__DUPLICATE_METHOD_MATCH = YES;
				COPY_PHASE_STRIP = NO;
				DEBUG_INFORMATION_FORMAT = "dwarf-with-dsym";
				ENABLE_NS_ASSERTIONS = NO;
				ENABLE_STRICT_OBJC_MSGSEND = YES;
				GCC_C_LANGUAGE_STANDARD = gnu11;
				GCC_NO_COMMON_BLOCKS = YES;
				GCC_WARN_64_TO_32_BIT_CONVERSION = YES;
				GCC_WARN_ABOUT_RETURN_TYPE = YES_ERROR;
				GCC_WARN_UNDECLARED_SELECTOR = YES;
				GCC_WARN_UNINITIALIZED_AUTOS = YES_AGGRESSIVE;
				GCC_WARN_UNUSED_FUNCTION = YES;
				GCC_WARN_UNUSED_VARIABLE = YES;
				IPHONEOS_DEPLOYMENT_TARGET = 16.4;
				MTL_ENABLE_DEBUG_INFO = NO;
				MTL_FAST_MATH = YES;
				SDKROOT = iphoneos;
				SWIFT_COMPILATION_MODE = wholemodule;
				SWIFT_OPTIMIZATION_LEVEL = "-O";
				VALIDATE_PRODUCT = YES;
			};
			name = Release;
		};
		78D057112A4D3A0E00F4C7B4 /* Debug */ = {
			isa = XCBuildConfiguration;
			baseConfigurationReference = AAD973E9AB96004C0BF68AE9 /* Pods-Bumble.debug.xcconfig */;
			buildSettings = {
				ASSETCATALOG_COMPILER_APPICON_NAME = AppIcon;
				ASSETCATALOG_COMPILER_GLOBAL_ACCENT_COLOR_NAME = AccentColor;
				CLANG_ENABLE_MODULES = YES;
				CODE_SIGN_STYLE = Automatic;
				CURRENT_PROJECT_VERSION = 1;
				DEVELOPMENT_TEAM = TJXGBYQSW8;
				GENERATE_INFOPLIST_FILE = YES;
				INFOPLIST_FILE = Bumble/Info.plist;
				INFOPLIST_KEY_UIApplicationSupportsIndirectInputEvents = YES;
				INFOPLIST_KEY_UILaunchStoryboardName = LaunchScreen;
				INFOPLIST_KEY_UISupportedInterfaceOrientations_iPad = "UIInterfaceOrientationPortrait UIInterfaceOrientationPortraitUpsideDown UIInterfaceOrientationLandscapeLeft UIInterfaceOrientationLandscapeRight";
				INFOPLIST_KEY_UISupportedInterfaceOrientations_iPhone = "UIInterfaceOrientationPortrait UIInterfaceOrientationLandscapeLeft UIInterfaceOrientationLandscapeRight";
				IPHONEOS_DEPLOYMENT_TARGET = 14.0;
				LD_RUNPATH_SEARCH_PATHS = (
					"$(inherited)",
					"@executable_path/Frameworks",
				);
				MARKETING_VERSION = 1.0;
				PRODUCT_BUNDLE_IDENTIFIER = a.Bumble;
				PRODUCT_NAME = "$(TARGET_NAME)";
				SWIFT_EMIT_LOC_STRINGS = YES;
				SWIFT_OPTIMIZATION_LEVEL = "-Onone";
				SWIFT_VERSION = 5.0;
				TARGETED_DEVICE_FAMILY = "1,2";
			};
			name = Debug;
		};
		78D057122A4D3A0E00F4C7B4 /* Release */ = {
			isa = XCBuildConfiguration;
			baseConfigurationReference = 994707E9C593FF8FA4B1F652 /* Pods-Bumble.release.xcconfig */;
			buildSettings = {
				ASSETCATALOG_COMPILER_APPICON_NAME = AppIcon;
				ASSETCATALOG_COMPILER_GLOBAL_ACCENT_COLOR_NAME = AccentColor;
				CLANG_ENABLE_MODULES = YES;
				CODE_SIGN_STYLE = Automatic;
				CURRENT_PROJECT_VERSION = 1;
				DEVELOPMENT_TEAM = TJXGBYQSW8;
				GENERATE_INFOPLIST_FILE = YES;
				INFOPLIST_FILE = Bumble/Info.plist;
				INFOPLIST_KEY_UIApplicationSupportsIndirectInputEvents = YES;
				INFOPLIST_KEY_UILaunchStoryboardName = LaunchScreen;
				INFOPLIST_KEY_UISupportedInterfaceOrientations_iPad = "UIInterfaceOrientationPortrait UIInterfaceOrientationPortraitUpsideDown UIInterfaceOrientationLandscapeLeft UIInterfaceOrientationLandscapeRight";
				INFOPLIST_KEY_UISupportedInterfaceOrientations_iPhone = "UIInterfaceOrientationPortrait UIInterfaceOrientationLandscapeLeft UIInterfaceOrientationLandscapeRight";
				IPHONEOS_DEPLOYMENT_TARGET = 14.0;
				LD_RUNPATH_SEARCH_PATHS = (
					"$(inherited)",
					"@executable_path/Frameworks",
				);
				MARKETING_VERSION = 1.0;
				PRODUCT_BUNDLE_IDENTIFIER = a.Bumble;
				PRODUCT_NAME = "$(TARGET_NAME)";
				SWIFT_EMIT_LOC_STRINGS = YES;
				SWIFT_VERSION = 5.0;
				TARGETED_DEVICE_FAMILY = "1,2";
			};
			name = Release;
		};
		78D057142A4D3A0E00F4C7B4 /* Debug */ = {
			isa = XCBuildConfiguration;
			buildSettings = {
				ALWAYS_EMBED_SWIFT_STANDARD_LIBRARIES = YES;
				BUNDLE_LOADER = "$(TEST_HOST)";
				CODE_SIGN_STYLE = Automatic;
				CURRENT_PROJECT_VERSION = 1;
				DEVELOPMENT_TEAM = TJXGBYQSW8;
				GENERATE_INFOPLIST_FILE = YES;
				IPHONEOS_DEPLOYMENT_TARGET = 16.4;
				MARKETING_VERSION = 1.0;
				PRODUCT_BUNDLE_IDENTIFIER = a.BumbleTests;
				PRODUCT_NAME = "$(TARGET_NAME)";
				SWIFT_EMIT_LOC_STRINGS = NO;
				SWIFT_VERSION = 5.0;
				TARGETED_DEVICE_FAMILY = "1,2";
				TEST_HOST = "$(BUILT_PRODUCTS_DIR)/Bumble.app/$(BUNDLE_EXECUTABLE_FOLDER_PATH)/Bumble";
			};
			name = Debug;
		};
		78D057152A4D3A0E00F4C7B4 /* Release */ = {
			isa = XCBuildConfiguration;
			buildSettings = {
				ALWAYS_EMBED_SWIFT_STANDARD_LIBRARIES = YES;
				BUNDLE_LOADER = "$(TEST_HOST)";
				CODE_SIGN_STYLE = Automatic;
				CURRENT_PROJECT_VERSION = 1;
				DEVELOPMENT_TEAM = TJXGBYQSW8;
				GENERATE_INFOPLIST_FILE = YES;
				IPHONEOS_DEPLOYMENT_TARGET = 16.4;
				MARKETING_VERSION = 1.0;
				PRODUCT_BUNDLE_IDENTIFIER = a.BumbleTests;
				PRODUCT_NAME = "$(TARGET_NAME)";
				SWIFT_EMIT_LOC_STRINGS = NO;
				SWIFT_VERSION = 5.0;
				TARGETED_DEVICE_FAMILY = "1,2";
				TEST_HOST = "$(BUILT_PRODUCTS_DIR)/Bumble.app/$(BUNDLE_EXECUTABLE_FOLDER_PATH)/Bumble";
			};
			name = Release;
		};
		78D057172A4D3A0E00F4C7B4 /* Debug */ = {
			isa = XCBuildConfiguration;
			buildSettings = {
				ALWAYS_EMBED_SWIFT_STANDARD_LIBRARIES = YES;
				CODE_SIGN_STYLE = Automatic;
				CURRENT_PROJECT_VERSION = 1;
				DEVELOPMENT_TEAM = TJXGBYQSW8;
				GENERATE_INFOPLIST_FILE = YES;
				MARKETING_VERSION = 1.0;
				PRODUCT_BUNDLE_IDENTIFIER = a.BumbleUITests;
				PRODUCT_NAME = "$(TARGET_NAME)";
				SWIFT_EMIT_LOC_STRINGS = NO;
				SWIFT_VERSION = 5.0;
				TARGETED_DEVICE_FAMILY = "1,2";
				TEST_TARGET_NAME = Bumble;
			};
			name = Debug;
		};
		78D057182A4D3A0E00F4C7B4 /* Release */ = {
			isa = XCBuildConfiguration;
			buildSettings = {
				ALWAYS_EMBED_SWIFT_STANDARD_LIBRARIES = YES;
				CODE_SIGN_STYLE = Automatic;
				CURRENT_PROJECT_VERSION = 1;
				DEVELOPMENT_TEAM = TJXGBYQSW8;
				GENERATE_INFOPLIST_FILE = YES;
				MARKETING_VERSION = 1.0;
				PRODUCT_BUNDLE_IDENTIFIER = a.BumbleUITests;
				PRODUCT_NAME = "$(TARGET_NAME)";
				SWIFT_EMIT_LOC_STRINGS = NO;
				SWIFT_VERSION = 5.0;
				TARGETED_DEVICE_FAMILY = "1,2";
				TEST_TARGET_NAME = Bumble;
			};
			name = Release;
		};
/* End XCBuildConfiguration section */

/* Begin XCConfigurationList section */
		78D056E12A4D3A0D00F4C7B4 /* Build configuration list for PBXProject "Bumble" */ = {
			isa = XCConfigurationList;
			buildConfigurations = (
				78D0570E2A4D3A0E00F4C7B4 /* Debug */,
				78D0570F2A4D3A0E00F4C7B4 /* Release */,
			);
			defaultConfigurationIsVisible = 0;
			defaultConfigurationName = Release;
		};
		78D057102A4D3A0E00F4C7B4 /* Build configuration list for PBXNativeTarget "Bumble" */ = {
			isa = XCConfigurationList;
			buildConfigurations = (
				78D057112A4D3A0E00F4C7B4 /* Debug */,
				78D057122A4D3A0E00F4C7B4 /* Release */,
			);
			defaultConfigurationIsVisible = 0;
			defaultConfigurationName = Release;
		};
		78D057132A4D3A0E00F4C7B4 /* Build configuration list for PBXNativeTarget "BumbleTests" */ = {
			isa = XCConfigurationList;
			buildConfigurations = (
				78D057142A4D3A0E00F4C7B4 /* Debug */,
				78D057152A4D3A0E00F4C7B4 /* Release */,
			);
			defaultConfigurationIsVisible = 0;
			defaultConfigurationName = Release;
		};
		78D057162A4D3A0E00F4C7B4 /* Build configuration list for PBXNativeTarget "BumbleUITests" */ = {
			isa = XCConfigurationList;
			buildConfigurations = (
				78D057172A4D3A0E00F4C7B4 /* Debug */,
				78D057182A4D3A0E00F4C7B4 /* Release */,
			);
			defaultConfigurationIsVisible = 0;
			defaultConfigurationName = Release;
		};
/* End XCConfigurationList section */
	};
	rootObject = 78D056DE2A4D3A0D00F4C7B4 /* Project object */;
}
